
Microsoft Visual Studio Solution File, Format Version 12.00
# Visual Studio Version 17
VisualStudioVersion = 17.11.35312.102
MinimumVisualStudioVersion = 10.0.40219.1
Project("{2150E333-8FDC-42A3-9474-1A3956D46DE8}") = "src", "src", "{70D672BA-824B-42BF-8EC1-1FB657E90150}"
EndProject
Project("{2150E333-8FDC-42A3-9474-1A3956D46DE8}") = "test", "test", "{A670AF87-8653-4E8F-A200-A3FB1C0655B8}"
EndProject
Project("{2150E333-8FDC-42A3-9474-1A3956D46DE8}") = "api", "api", "{2B2DC28B-B9FD-476A-9A38-8EA10B3070BA}"
EndProject
Project("{2150E333-8FDC-42A3-9474-1A3956D46DE8}") = "web", "web", "{02948296-C76F-4967-B175-F30618E619F9}"
EndProject
Project("{2150E333-8FDC-42A3-9474-1A3956D46DE8}") = "CsharpLessons", "CsharpLessons", "{77449F3A-6035-42A8-8FB5-4F16AB6938F6}"
EndProject
Project("{9A19103F-16F7-4668-BE54-9A1E7A4F7556}") = "DelegateAndEvents", "DelegateAndEvents\DelegateAndEvents.csproj", "{C2AB604F-94B6-488A-B400-FC4E2DBB2F47}"
EndProject
Project("{9A19103F-16F7-4668-BE54-9A1E7A4F7556}") = "ConsoleApp1", "ConsoleApp1\ConsoleApp1.csproj", "{A5277286-BBD9-4915-87A8-50F978E95B20}"
EndProject
Project("{9A19103F-16F7-4668-BE54-9A1E7A4F7556}") = "GenericLessons", "GenericLessons\GenericLessons.csproj", "{F010846A-01A6-401F-B173-41D48422B068}"
EndProject
Project("{2150E333-8FDC-42A3-9474-1A3956D46DE8}") = "Solution Items", "Solution Items", "{DAE08708-677A-44EE-9C4F-B8A9AC539BB0}"
	ProjectSection(SolutionItems) = preProject
		ReadMe.txt = ReadMe.txt
	EndProjectSection
EndProject
Project("{9A19103F-16F7-4668-BE54-9A1E7A4F7556}") = "ExtensionMethods", "ExtensionMethods\ExtensionMethods.csproj", "{0E799E34-29A2-44B2-A030-0D62F11C835B}"
EndProject
Project("{9A19103F-16F7-4668-BE54-9A1E7A4F7556}") = "AsyncProgramming", "AsyncProgramming\AsyncProgramming.csproj", "{0E253075-A9CB-4452-8565-772D4A1F0051}"
EndProject
Project("{9A19103F-16F7-4668-BE54-9A1E7A4F7556}") = "YMYPHibrit3GroupEFCore.API", "YMYPHibrit3GroupEFCore.API\YMYPHibrit3GroupEFCore.API.csproj", "{7BFDC7EB-6D70-4047-A234-01274E85D7D9}"
EndProject
Project("{FAE04EC0-301F-11D3-BF4B-00C04F79EFBC}") = "IdentityApp.API", "IdentityApp.API\IdentityApp.API.csproj", "{BD9A676B-6D27-47B8-83A0-F868D55A60CD}"
EndProject
Project("{2150E333-8FDC-42A3-9474-1A3956D46DE8}") = "NLayer", "NLayer", "{2F6D5632-44DE-4539-960B-28142F2973DC}"
EndProject
Project("{2150E333-8FDC-42A3-9474-1A3956D46DE8}") = "Repository", "Repository", "{83BF343D-3465-465C-B8D2-BCF0932D74AB}"
EndProject
Project("{2150E333-8FDC-42A3-9474-1A3956D46DE8}") = "Service", "Service", "{DB2A85A4-F69D-4EAC-AA79-9C1177BB8D74}"
EndProject
Project("{2150E333-8FDC-42A3-9474-1A3956D46DE8}") = "Presentation", "Presentation", "{20ED7145-925D-4D81-8825-52C833538A62}"
EndProject
Project("{FAE04EC0-301F-11D3-BF4B-00C04F79EFBC}") = "IdentityApp.Repositories", "IdentityApp.Repositories\IdentityApp.Repositories.csproj", "{9B9D754C-2E71-4B8D-BE25-78D942DE344F}"
EndProject
Project("{FAE04EC0-301F-11D3-BF4B-00C04F79EFBC}") = "IdentityApp.Services", "IdentityApp.Services\IdentityApp.Services.csproj", "{8AB888B5-F616-436C-810D-4CCFB71762F1}"
EndProject
Project("{2150E333-8FDC-42A3-9474-1A3956D46DE8}") = "Caching", "Caching", "{C667029B-692F-4AD6-A0C5-FB7FE5F3C732}"
EndProject
Project("{FAE04EC0-301F-11D3-BF4B-00C04F79EFBC}") = "IdentityApp.Caching", "IdentityApp.Caching\IdentityApp.Caching.csproj", "{DC258685-40D9-4AE3-8C9B-F7C4E55E4CD4}"
EndProject
Global
	GlobalSection(SolutionConfigurationPlatforms) = preSolution
		Debug|Any CPU = Debug|Any CPU
		Release|Any CPU = Release|Any CPU
	EndGlobalSection
	GlobalSection(ProjectConfigurationPlatforms) = postSolution
		{C2AB604F-94B6-488A-B400-FC4E2DBB2F47}.Debug|Any CPU.ActiveCfg = Debug|Any CPU
		{C2AB604F-94B6-488A-B400-FC4E2DBB2F47}.Debug|Any CPU.Build.0 = Debug|Any CPU
		{C2AB604F-94B6-488A-B400-FC4E2DBB2F47}.Release|Any CPU.ActiveCfg = Release|Any CPU
		{C2AB604F-94B6-488A-B400-FC4E2DBB2F47}.Release|Any CPU.Build.0 = Release|Any CPU
		{A5277286-BBD9-4915-87A8-50F978E95B20}.Debug|Any CPU.ActiveCfg = Debug|Any CPU
		{A5277286-BBD9-4915-87A8-50F978E95B20}.Debug|Any CPU.Build.0 = Debug|Any CPU
		{A5277286-BBD9-4915-87A8-50F978E95B20}.Release|Any CPU.ActiveCfg = Release|Any CPU
		{A5277286-BBD9-4915-87A8-50F978E95B20}.Release|Any CPU.Build.0 = Release|Any CPU
		{F010846A-01A6-401F-B173-41D48422B068}.Debug|Any CPU.ActiveCfg = Debug|Any CPU
		{F010846A-01A6-401F-B173-41D48422B068}.Debug|Any CPU.Build.0 = Debug|Any CPU
		{F010846A-01A6-401F-B173-41D48422B068}.Release|Any CPU.ActiveCfg = Release|Any CPU
		{F010846A-01A6-401F-B173-41D48422B068}.Release|Any CPU.Build.0 = Release|Any CPU
		{0E799E34-29A2-44B2-A030-0D62F11C835B}.Debug|Any CPU.ActiveCfg = Debug|Any CPU
		{0E799E34-29A2-44B2-A030-0D62F11C835B}.Debug|Any CPU.Build.0 = Debug|Any CPU
		{0E799E34-29A2-44B2-A030-0D62F11C835B}.Release|Any CPU.ActiveCfg = Release|Any CPU
		{0E799E34-29A2-44B2-A030-0D62F11C835B}.Release|Any CPU.Build.0 = Release|Any CPU
		{0E253075-A9CB-4452-8565-772D4A1F0051}.Debug|Any CPU.ActiveCfg = Debug|Any CPU
		{0E253075-A9CB-4452-8565-772D4A1F0051}.Debug|Any CPU.Build.0 = Debug|Any CPU
		{0E253075-A9CB-4452-8565-772D4A1F0051}.Release|Any CPU.ActiveCfg = Release|Any CPU
		{0E253075-A9CB-4452-8565-772D4A1F0051}.Release|Any CPU.Build.0 = Release|Any CPU
		{7BFDC7EB-6D70-4047-A234-01274E85D7D9}.Debug|Any CPU.ActiveCfg = Debug|Any CPU
		{7BFDC7EB-6D70-4047-A234-01274E85D7D9}.Debug|Any CPU.Build.0 = Debug|Any CPU
		{7BFDC7EB-6D70-4047-A234-01274E85D7D9}.Release|Any CPU.ActiveCfg = Release|Any CPU
		{7BFDC7EB-6D70-4047-A234-01274E85D7D9}.Release|Any CPU.Build.0 = Release|Any CPU
		{BD9A676B-6D27-47B8-83A0-F868D55A60CD}.Debug|Any CPU.ActiveCfg = Debug|Any CPU
		{BD9A676B-6D27-47B8-83A0-F868D55A60CD}.Debug|Any CPU.Build.0 = Debug|Any CPU
		{BD9A676B-6D27-47B8-83A0-F868D55A60CD}.Release|Any CPU.ActiveCfg = Release|Any CPU
		{BD9A676B-6D27-47B8-83A0-F868D55A60CD}.Release|Any CPU.Build.0 = Release|Any CPU
		{9B9D754C-2E71-4B8D-BE25-78D942DE344F}.Debug|Any CPU.ActiveCfg = Debug|Any CPU
		{9B9D754C-2E71-4B8D-BE25-78D942DE344F}.Debug|Any CPU.Build.0 = Debug|Any CPU
		{9B9D754C-2E71-4B8D-BE25-78D942DE344F}.Release|Any CPU.ActiveCfg = Release|Any CPU
		{9B9D754C-2E71-4B8D-BE25-78D942DE344F}.Release|Any CPU.Build.0 = Release|Any CPU
		{8AB888B5-F616-436C-810D-4CCFB71762F1}.Debug|Any CPU.ActiveCfg = Debug|Any CPU
		{8AB888B5-F616-436C-810D-4CCFB71762F1}.Debug|Any CPU.Build.0 = Debug|Any CPU
		{8AB888B5-F616-436C-810D-4CCFB71762F1}.Release|Any CPU.ActiveCfg = Release|Any CPU
		{8AB888B5-F616-436C-810D-4CCFB71762F1}.Release|Any CPU.Build.0 = Release|Any CPU
		{DC258685-40D9-4AE3-8C9B-F7C4E55E4CD4}.Debug|Any CPU.ActiveCfg = Debug|Any CPU
		{DC258685-40D9-4AE3-8C9B-F7C4E55E4CD4}.Debug|Any CPU.Build.0 = Debug|Any CPU
		{DC258685-40D9-4AE3-8C9B-F7C4E55E4CD4}.Release|Any CPU.ActiveCfg = Release|Any CPU
		{DC258685-40D9-4AE3-8C9B-F7C4E55E4CD4}.Release|Any CPU.Build.0 = Release|Any CPU
	EndGlobalSection
	GlobalSection(SolutionProperties) = preSolution
		HideSolutionNode = FALSE
	EndGlobalSection
	GlobalSection(NestedProjects) = preSolution
		{2B2DC28B-B9FD-476A-9A38-8EA10B3070BA} = {70D672BA-824B-42BF-8EC1-1FB657E90150}
		{02948296-C76F-4967-B175-F30618E619F9} = {70D672BA-824B-42BF-8EC1-1FB657E90150}
		{C2AB604F-94B6-488A-B400-FC4E2DBB2F47} = {77449F3A-6035-42A8-8FB5-4F16AB6938F6}
		{A5277286-BBD9-4915-87A8-50F978E95B20} = {77449F3A-6035-42A8-8FB5-4F16AB6938F6}
		{F010846A-01A6-401F-B173-41D48422B068} = {77449F3A-6035-42A8-8FB5-4F16AB6938F6}
		{0E799E34-29A2-44B2-A030-0D62F11C835B} = {77449F3A-6035-42A8-8FB5-4F16AB6938F6}
		{0E253075-A9CB-4452-8565-772D4A1F0051} = {77449F3A-6035-42A8-8FB5-4F16AB6938F6}
		{7BFDC7EB-6D70-4047-A234-01274E85D7D9} = {2B2DC28B-B9FD-476A-9A38-8EA10B3070BA}
		{BD9A676B-6D27-47B8-83A0-F868D55A60CD} = {20ED7145-925D-4D81-8825-52C833538A62}
		{83BF343D-3465-465C-B8D2-BCF0932D74AB} = {2F6D5632-44DE-4539-960B-28142F2973DC}
		{DB2A85A4-F69D-4EAC-AA79-9C1177BB8D74} = {2F6D5632-44DE-4539-960B-28142F2973DC}
		{20ED7145-925D-4D81-8825-52C833538A62} = {2F6D5632-44DE-4539-960B-28142F2973DC}
		{9B9D754C-2E71-4B8D-BE25-78D942DE344F} = {83BF343D-3465-465C-B8D2-BCF0932D74AB}
		{8AB888B5-F616-436C-810D-4CCFB71762F1} = {DB2A85A4-F69D-4EAC-AA79-9C1177BB8D74}
		{C667029B-692F-4AD6-A0C5-FB7FE5F3C732} = {2F6D5632-44DE-4539-960B-28142F2973DC}
		{DC258685-40D9-4AE3-8C9B-F7C4E55E4CD4} = {C667029B-692F-4AD6-A0C5-FB7FE5F3C732}
	EndGlobalSection
	GlobalSection(ExtensibilityGlobals) = postSolution
		SolutionGuid = {FB4E43A6-82F2-4A76-BC50-FA69B812041E}
	EndGlobalSection
EndGlobal
